
Microsoft Visual Studio Solution File, Format Version 12.00
# Visual Studio Version 17
VisualStudioVersion = 17.0.31903.59
MinimumVisualStudioVersion = 10.0.40219.1
Project("{FAE04EC0-301F-11D3-BF4B-00C04F79EFBC}") = "PLKSYS.API", "PLKSYS.API\PLKSYS.API.csproj", "{10A555BF-8B33-4BEE-AC7C-E435C5A9F266}"
EndProject
Project("{FAE04EC0-301F-11D3-BF4B-00C04F79EFBC}") = "PLKSYS.Core", "PLKSYS.Core\PLKSYS.Core.csproj", "{67E4F6E5-9648-4AB3-963B-3FF1EB94A28F}"
EndProject
Project("{FAE04EC0-301F-11D3-BF4B-00C04F79EFBC}") = "PLKSYS.Client", "PLKSYS.Client\PLKSYS.Client.csproj", "{28F37D91-48D5-4693-8822-098A44382DE1}"
EndProject
Global
	GlobalSection(SolutionConfigurationPlatforms) = preSolution
		Debug|Any CPU = Debug|Any CPU
		Debug|x64 = Debug|x64
		Debug|x86 = Debug|x86
		Release|Any CPU = Release|Any CPU
		Release|x64 = Release|x64
		Release|x86 = Release|x86
	EndGlobalSection
	GlobalSection(ProjectConfigurationPlatforms) = postSolution
		{10A555BF-8B33-4BEE-AC7C-E435C5A9F266}.Debug|Any CPU.ActiveCfg = Debug|Any CPU
		{10A555BF-8B33-4BEE-AC7C-E435C5A9F266}.Debug|Any CPU.Build.0 = Debug|Any CPU
		{10A555BF-8B33-4BEE-AC7C-E435C5A9F266}.Debug|x64.ActiveCfg = Debug|Any CPU
		{10A555BF-8B33-4BEE-AC7C-E435C5A9F266}.Debug|x64.Build.0 = Debug|Any CPU
		{10A555BF-8B33-4BEE-AC7C-E435C5A9F266}.Debug|x86.ActiveCfg = Debug|Any CPU
		{10A555BF-8B33-4BEE-AC7C-E435C5A9F266}.Debug|x86.Build.0 = Debug|Any CPU
		{10A555BF-8B33-4BEE-AC7C-E435C5A9F266}.Release|Any CPU.ActiveCfg = Release|Any CPU
		{10A555BF-8B33-4BEE-AC7C-E435C5A9F266}.Release|Any CPU.Build.0 = Release|Any CPU
		{10A555BF-8B33-4BEE-AC7C-E435C5A9F266}.Release|x64.ActiveCfg = Release|Any CPU
		{10A555BF-8B33-4BEE-AC7C-E435C5A9F266}.Release|x64.Build.0 = Release|Any CPU
		{10A555BF-8B33-4BEE-AC7C-E435C5A9F266}.Release|x86.ActiveCfg = Release|Any CPU
		{10A555BF-8B33-4BEE-AC7C-E435C5A9F266}.Release|x86.Build.0 = Release|Any CPU
		{67E4F6E5-9648-4AB3-963B-3FF1EB94A28F}.Debug|Any CPU.ActiveCfg = Debug|Any CPU
		{67E4F6E5-9648-4AB3-963B-3FF1EB94A28F}.Debug|Any CPU.Build.0 = Debug|Any CPU
		{67E4F6E5-9648-4AB3-963B-3FF1EB94A28F}.Debug|x64.ActiveCfg = Debug|Any CPU
		{67E4F6E5-9648-4AB3-963B-3FF1EB94A28F}.Debug|x64.Build.0 = Debug|Any CPU
		{67E4F6E5-9648-4AB3-963B-3FF1EB94A28F}.Debug|x86.ActiveCfg = Debug|Any CPU
		{67E4F6E5-9648-4AB3-963B-3FF1EB94A28F}.Debug|x86.Build.0 = Debug|Any CPU
		{67E4F6E5-9648-4AB3-963B-3FF1EB94A28F}.Release|Any CPU.ActiveCfg = Release|Any CPU
		{67E4F6E5-9648-4AB3-963B-3FF1EB94A28F}.Release|Any CPU.Build.0 = Release|Any CPU
		{67E4F6E5-9648-4AB3-963B-3FF1EB94A28F}.Release|x64.ActiveCfg = Release|Any CPU
		{67E4F6E5-9648-4AB3-963B-3FF1EB94A28F}.Release|x64.Build.0 = Release|Any CPU
		{67E4F6E5-9648-4AB3-963B-3FF1EB94A28F}.Release|x86.ActiveCfg = Release|Any CPU
		{67E4F6E5-9648-4AB3-963B-3FF1EB94A28F}.Release|x86.Build.0 = Release|Any CPU
		{28F37D91-48D5-4693-8822-098A44382DE1}.Debug|Any CPU.ActiveCfg = Debug|Any CPU
		{28F37D91-48D5-4693-8822-098A44382DE1}.Debug|Any CPU.Build.0 = Debug|Any CPU
		{28F37D91-48D5-4693-8822-098A44382DE1}.Debug|x64.ActiveCfg = Debug|Any CPU
		{28F37D91-48D5-4693-8822-098A44382DE1}.Debug|x64.Build.0 = Debug|Any CPU
		{28F37D91-48D5-4693-8822-098A44382DE1}.Debug|x86.ActiveCfg = Debug|Any CPU
		{28F37D91-48D5-4693-8822-098A44382DE1}.Debug|x86.Build.0 = Debug|Any CPU
		{28F37D91-48D5-4693-8822-098A44382DE1}.Release|Any CPU.ActiveCfg = Release|Any CPU
		{28F37D91-48D5-4693-8822-098A44382DE1}.Release|Any CPU.Build.0 = Release|Any CPU
		{28F37D91-48D5-4693-8822-098A44382DE1}.Release|x64.ActiveCfg = Release|Any CPU
		{28F37D91-48D5-4693-8822-098A44382DE1}.Release|x64.Build.0 = Release|Any CPU
		{28F37D91-48D5-4693-8822-098A44382DE1}.Release|x86.ActiveCfg = Release|Any CPU
		{28F37D91-48D5-4693-8822-098A44382DE1}.Release|x86.Build.0 = Release|Any CPU
	EndGlobalSection
	GlobalSection(SolutionProperties) = preSolution
		HideSolutionNode = FALSE
	EndGlobalSection
	GlobalSection(ExtensibilityGlobals) = postSolution
		SolutionGuid = {C291DD76-1567-4EF0-829F-7745CE219B9C}
	EndGlobalSection
EndGlobal
