
Microsoft Visual Studio Solution File, Format Version 12.00
# Visual Studio Version 17
VisualStudioVersion = 17.13.35806.99 d17.13
MinimumVisualStudioVersion = 10.0.40219.1
Project("{FAE04EC0-301F-11D3-BF4B-00C04F79EFBC}") = "PLKSYS.Core", "PLKSYS.Core.csproj", "{FC999FBF-FF88-65FF-91E7-7FC9BCB69581}"
EndProject
Global
	GlobalSection(SolutionConfigurationPlatforms) = preSolution
		Debug|Any CPU = Debug|Any CPU
		Release|Any CPU = Release|Any CPU
	EndGlobalSection
	GlobalSection(ProjectConfigurationPlatforms) = postSolution
		{FC999FBF-FF88-65FF-91E7-7FC9BCB69581}.Debug|Any CPU.ActiveCfg = Debug|Any CPU
		{FC999FBF-FF88-65FF-91E7-7FC9BCB69581}.Debug|Any CPU.Build.0 = Debug|Any CPU
		{FC999FBF-FF88-65FF-91E7-7FC9BCB69581}.Release|Any CPU.ActiveCfg = Release|Any CPU
		{FC999FBF-FF88-65FF-91E7-7FC9BCB69581}.Release|Any CPU.Build.0 = Release|Any CPU
	EndGlobalSection
	GlobalSection(SolutionProperties) = preSolution
		HideSolutionNode = FALSE
	EndGlobalSection
	GlobalSection(ExtensibilityGlobals) = postSolution
		SolutionGuid = {C0FCA6BC-9266-46CA-9CE7-2E751319120C}
	EndGlobalSection
EndGlobal
